
Microsoft Visual Studio Solution File, Format Version 12.00
# Visual Studio Version 17
VisualStudioVersion = 17.14.36511.14 d17.14
MinimumVisualStudioVersion = 10.0.40219.1
Project("{FAE04EC0-301F-11D3-BF4B-00C04F79EFBC}") = "ProyectoG2", "ProyectoG2\ProyectoG2.csproj", "{9636D49D-B763-452A-9339-427BC1A2FCF5}"
EndProject
Global
	GlobalSection(SolutionConfigurationPlatforms) = preSolution
		Debug|Any CPU = Debug|Any CPU
		Release|Any CPU = Release|Any CPU
	EndGlobalSection
	GlobalSection(ProjectConfigurationPlatforms) = postSolution
		{9636D49D-B763-452A-9339-427BC1A2FCF5}.Debug|Any CPU.ActiveCfg = Debug|Any CPU
		{9636D49D-B763-452A-9339-427BC1A2FCF5}.Debug|Any CPU.Build.0 = Debug|Any CPU
		{9636D49D-B763-452A-9339-427BC1A2FCF5}.Release|Any CPU.ActiveCfg = Release|Any CPU
		{9636D49D-B763-452A-9339-427BC1A2FCF5}.Release|Any CPU.Build.0 = Release|Any CPU
	EndGlobalSection
	GlobalSection(SolutionProperties) = preSolution
		HideSolutionNode = FALSE
	EndGlobalSection
	GlobalSection(ExtensibilityGlobals) = postSolution
		SolutionGuid = {743619BD-568E-4D84-B3C1-1EE0A63B0F90}
	EndGlobalSection
EndGlobal
